
Microsoft Visual Studio Solution File, Format Version 12.00
# Visual Studio Version 17
VisualStudioVersion = 17.5.002.0
MinimumVisualStudioVersion = 10.0.40219.1
Project("{2150E333-8FDC-42A3-9474-1A3956D46DE8}") = "DayOne", "DayOne", "{087F146D-52BF-42D2-9B7C-32E3E9F77294}"
EndProject
Project("{9A19103F-16F7-4668-BE54-9A1E7A4F7556}") = "DayOne", "DayOne\PuzzleOne\DayOne.csproj", "{C737D0F8-6637-4A07-B68F-45D878B3D695}"
EndProject
Project("{9A19103F-16F7-4668-BE54-9A1E7A4F7556}") = "PuzzleTwo", "DayOne\PuzzleTwo\PuzzleTwo.csproj", "{249E9F16-C70B-4274-88A3-D0A021FCDC4E}"
EndProject
Global
	GlobalSection(SolutionConfigurationPlatforms) = preSolution
		Debug|Any CPU = Debug|Any CPU
		Release|Any CPU = Release|Any CPU
	EndGlobalSection
	GlobalSection(ProjectConfigurationPlatforms) = postSolution
		{C737D0F8-6637-4A07-B68F-45D878B3D695}.Debug|Any CPU.ActiveCfg = Debug|Any CPU
		{C737D0F8-6637-4A07-B68F-45D878B3D695}.Debug|Any CPU.Build.0 = Debug|Any CPU
		{C737D0F8-6637-4A07-B68F-45D878B3D695}.Release|Any CPU.ActiveCfg = Release|Any CPU
		{C737D0F8-6637-4A07-B68F-45D878B3D695}.Release|Any CPU.Build.0 = Release|Any CPU
		{249E9F16-C70B-4274-88A3-D0A021FCDC4E}.Debug|Any CPU.ActiveCfg = Debug|Any CPU
		{249E9F16-C70B-4274-88A3-D0A021FCDC4E}.Debug|Any CPU.Build.0 = Debug|Any CPU
		{249E9F16-C70B-4274-88A3-D0A021FCDC4E}.Release|Any CPU.ActiveCfg = Release|Any CPU
		{249E9F16-C70B-4274-88A3-D0A021FCDC4E}.Release|Any CPU.Build.0 = Release|Any CPU
	EndGlobalSection
	GlobalSection(SolutionProperties) = preSolution
		HideSolutionNode = FALSE
	EndGlobalSection
	GlobalSection(NestedProjects) = preSolution
		{C737D0F8-6637-4A07-B68F-45D878B3D695} = {087F146D-52BF-42D2-9B7C-32E3E9F77294}
		{249E9F16-C70B-4274-88A3-D0A021FCDC4E} = {087F146D-52BF-42D2-9B7C-32E3E9F77294}
	EndGlobalSection
	GlobalSection(ExtensibilityGlobals) = postSolution
		SolutionGuid = {93372492-E714-4378-8148-1B117ECA1634}
	EndGlobalSection
EndGlobal
